
Microsoft Visual Studio Solution File, Format Version 12.00
# Visual Studio Version 17
VisualStudioVersion = 17.4.33122.133
MinimumVisualStudioVersion = 10.0.40219.1
Project("{2150E333-8FDC-42A3-9474-1A3956D46DE8}") = "Commons", "Commons", "{CA3D0E68-2EE2-4686-9E87-CE82FEE37DE9}"
EndProject
Project("{2150E333-8FDC-42A3-9474-1A3956D46DE8}") = "UserService", "UserService", "{6A32634C-64D2-4E54-97AB-E894EA69D216}"
EndProject
Project("{9A19103F-16F7-4668-BE54-9A1E7A4F7556}") = "CommonInitializer", "CommonInitializer\CommonInitializer.csproj", "{0B39BDC8-1DE7-4425-A8F6-64DEF1BF4123}"
EndProject
Project("{9A19103F-16F7-4668-BE54-9A1E7A4F7556}") = "UserService.Domain", "UserService.Domain\UserService.Domain.csproj", "{CDE1A502-F4DA-4CDB-94C6-560D3DA8D6A1}"
EndProject
Project("{9A19103F-16F7-4668-BE54-9A1E7A4F7556}") = "UserService.Infrastructure", "UserService.Infrastructure\UserService.Infrastructure.csproj", "{2A1D0D2A-7EB4-40B8-ADFF-ADB63EA32E3B}"
EndProject
Project("{9A19103F-16F7-4668-BE54-9A1E7A4F7556}") = "UserService.WebAPI", "UserService.WebAPI\UserService.WebAPI.csproj", "{1A05C6E6-FCAB-4A32-BC62-A49751F5A8E5}"
EndProject
Project("{2150E333-8FDC-42A3-9474-1A3956D46DE8}") = "VideoService", "VideoService", "{87D745D7-1B83-4E69-926D-A36DF08ADFAB}"
EndProject
Project("{9A19103F-16F7-4668-BE54-9A1E7A4F7556}") = "VideoService.Domain", "VideoService.Domain\VideoService.Domain.csproj", "{840A5A62-A667-4156-837B-17A29D419F24}"
EndProject
Project("{9A19103F-16F7-4668-BE54-9A1E7A4F7556}") = "Bli.Common", "Bli.Common\Bli.Common.csproj", "{2BEE5B0F-5D74-41F0-97A5-7E98A93CBBEA}"
EndProject
Project("{9A19103F-16F7-4668-BE54-9A1E7A4F7556}") = "VideoService.Infrastructure", "VideoService.Infrastructure\VideoService.Infrastructure.csproj", "{0769FC20-C608-43DA-93BF-121BCC5E37CC}"
EndProject
Project("{9A19103F-16F7-4668-BE54-9A1E7A4F7556}") = "VideoService.WebAPI", "VideoService.WebAPI\VideoService.WebAPI.csproj", "{05E008B4-5D3E-41AE-8B73-E5FB2D3E2978}"
EndProject
Project("{9A19103F-16F7-4668-BE54-9A1E7A4F7556}") = "Bli.JWT", "Bli.JWT\Bli.JWT.csproj", "{ED69CEFB-0276-4246-A64E-F7D7D61C89CB}"
EndProject
Project("{2150E333-8FDC-42A3-9474-1A3956D46DE8}") = "DanmakuService", "DanmakuService", "{EE16FF4A-6DD4-4136-96F0-BE66FB788C63}"
EndProject
Project("{9A19103F-16F7-4668-BE54-9A1E7A4F7556}") = "DanmakuService.WebApi", "DanmakuService.WebApi\DanmakuService.WebApi.csproj", "{B9CD778E-4ECD-43A9-AD71-45689C798426}"
EndProject
Project("{9A19103F-16F7-4668-BE54-9A1E7A4F7556}") = "DanmakuService.Domain", "DanmakuService.Domain\DanmakuService.Domain.csproj", "{AE277062-D11A-4F5F-84B9-CB8C6D3E30DB}"
EndProject
Project("{9A19103F-16F7-4668-BE54-9A1E7A4F7556}") = "DanmakuService.Infrastructure", "DanmakuService.Infrastructure\DanmakuService.Infrastructure.csproj", "{D527A002-3BED-4B47-8027-BFF5D8B2A3CD}"
EndProject
Global
	GlobalSection(SolutionConfigurationPlatforms) = preSolution
		Debug|Any CPU = Debug|Any CPU
		Release|Any CPU = Release|Any CPU
	EndGlobalSection
	GlobalSection(ProjectConfigurationPlatforms) = postSolution
		{0B39BDC8-1DE7-4425-A8F6-64DEF1BF4123}.Debug|Any CPU.ActiveCfg = Debug|Any CPU
		{0B39BDC8-1DE7-4425-A8F6-64DEF1BF4123}.Debug|Any CPU.Build.0 = Debug|Any CPU
		{0B39BDC8-1DE7-4425-A8F6-64DEF1BF4123}.Release|Any CPU.ActiveCfg = Release|Any CPU
		{0B39BDC8-1DE7-4425-A8F6-64DEF1BF4123}.Release|Any CPU.Build.0 = Release|Any CPU
		{CDE1A502-F4DA-4CDB-94C6-560D3DA8D6A1}.Debug|Any CPU.ActiveCfg = Debug|Any CPU
		{CDE1A502-F4DA-4CDB-94C6-560D3DA8D6A1}.Debug|Any CPU.Build.0 = Debug|Any CPU
		{CDE1A502-F4DA-4CDB-94C6-560D3DA8D6A1}.Release|Any CPU.ActiveCfg = Release|Any CPU
		{CDE1A502-F4DA-4CDB-94C6-560D3DA8D6A1}.Release|Any CPU.Build.0 = Release|Any CPU
		{2A1D0D2A-7EB4-40B8-ADFF-ADB63EA32E3B}.Debug|Any CPU.ActiveCfg = Debug|Any CPU
		{2A1D0D2A-7EB4-40B8-ADFF-ADB63EA32E3B}.Debug|Any CPU.Build.0 = Debug|Any CPU
		{2A1D0D2A-7EB4-40B8-ADFF-ADB63EA32E3B}.Release|Any CPU.ActiveCfg = Release|Any CPU
		{2A1D0D2A-7EB4-40B8-ADFF-ADB63EA32E3B}.Release|Any CPU.Build.0 = Release|Any CPU
		{1A05C6E6-FCAB-4A32-BC62-A49751F5A8E5}.Debug|Any CPU.ActiveCfg = Debug|Any CPU
		{1A05C6E6-FCAB-4A32-BC62-A49751F5A8E5}.Debug|Any CPU.Build.0 = Debug|Any CPU
		{1A05C6E6-FCAB-4A32-BC62-A49751F5A8E5}.Release|Any CPU.ActiveCfg = Release|Any CPU
		{1A05C6E6-FCAB-4A32-BC62-A49751F5A8E5}.Release|Any CPU.Build.0 = Release|Any CPU
		{840A5A62-A667-4156-837B-17A29D419F24}.Debug|Any CPU.ActiveCfg = Debug|Any CPU
		{840A5A62-A667-4156-837B-17A29D419F24}.Debug|Any CPU.Build.0 = Debug|Any CPU
		{840A5A62-A667-4156-837B-17A29D419F24}.Release|Any CPU.ActiveCfg = Release|Any CPU
		{840A5A62-A667-4156-837B-17A29D419F24}.Release|Any CPU.Build.0 = Release|Any CPU
		{2BEE5B0F-5D74-41F0-97A5-7E98A93CBBEA}.Debug|Any CPU.ActiveCfg = Debug|Any CPU
		{2BEE5B0F-5D74-41F0-97A5-7E98A93CBBEA}.Debug|Any CPU.Build.0 = Debug|Any CPU
		{2BEE5B0F-5D74-41F0-97A5-7E98A93CBBEA}.Release|Any CPU.ActiveCfg = Release|Any CPU
		{2BEE5B0F-5D74-41F0-97A5-7E98A93CBBEA}.Release|Any CPU.Build.0 = Release|Any CPU
		{0769FC20-C608-43DA-93BF-121BCC5E37CC}.Debug|Any CPU.ActiveCfg = Debug|Any CPU
		{0769FC20-C608-43DA-93BF-121BCC5E37CC}.Debug|Any CPU.Build.0 = Debug|Any CPU
		{0769FC20-C608-43DA-93BF-121BCC5E37CC}.Release|Any CPU.ActiveCfg = Release|Any CPU
		{0769FC20-C608-43DA-93BF-121BCC5E37CC}.Release|Any CPU.Build.0 = Release|Any CPU
		{05E008B4-5D3E-41AE-8B73-E5FB2D3E2978}.Debug|Any CPU.ActiveCfg = Debug|Any CPU
		{05E008B4-5D3E-41AE-8B73-E5FB2D3E2978}.Debug|Any CPU.Build.0 = Debug|Any CPU
		{05E008B4-5D3E-41AE-8B73-E5FB2D3E2978}.Release|Any CPU.ActiveCfg = Release|Any CPU
		{05E008B4-5D3E-41AE-8B73-E5FB2D3E2978}.Release|Any CPU.Build.0 = Release|Any CPU
		{ED69CEFB-0276-4246-A64E-F7D7D61C89CB}.Debug|Any CPU.ActiveCfg = Debug|Any CPU
		{ED69CEFB-0276-4246-A64E-F7D7D61C89CB}.Debug|Any CPU.Build.0 = Debug|Any CPU
		{ED69CEFB-0276-4246-A64E-F7D7D61C89CB}.Release|Any CPU.ActiveCfg = Release|Any CPU
		{ED69CEFB-0276-4246-A64E-F7D7D61C89CB}.Release|Any CPU.Build.0 = Release|Any CPU
		{B9CD778E-4ECD-43A9-AD71-45689C798426}.Debug|Any CPU.ActiveCfg = Debug|Any CPU
		{B9CD778E-4ECD-43A9-AD71-45689C798426}.Debug|Any CPU.Build.0 = Debug|Any CPU
		{B9CD778E-4ECD-43A9-AD71-45689C798426}.Release|Any CPU.ActiveCfg = Release|Any CPU
		{B9CD778E-4ECD-43A9-AD71-45689C798426}.Release|Any CPU.Build.0 = Release|Any CPU
		{AE277062-D11A-4F5F-84B9-CB8C6D3E30DB}.Debug|Any CPU.ActiveCfg = Debug|Any CPU
		{AE277062-D11A-4F5F-84B9-CB8C6D3E30DB}.Debug|Any CPU.Build.0 = Debug|Any CPU
		{AE277062-D11A-4F5F-84B9-CB8C6D3E30DB}.Release|Any CPU.ActiveCfg = Release|Any CPU
		{AE277062-D11A-4F5F-84B9-CB8C6D3E30DB}.Release|Any CPU.Build.0 = Release|Any CPU
		{D527A002-3BED-4B47-8027-BFF5D8B2A3CD}.Debug|Any CPU.ActiveCfg = Debug|Any CPU
		{D527A002-3BED-4B47-8027-BFF5D8B2A3CD}.Debug|Any CPU.Build.0 = Debug|Any CPU
		{D527A002-3BED-4B47-8027-BFF5D8B2A3CD}.Release|Any CPU.ActiveCfg = Release|Any CPU
		{D527A002-3BED-4B47-8027-BFF5D8B2A3CD}.Release|Any CPU.Build.0 = Release|Any CPU
	EndGlobalSection
	GlobalSection(SolutionProperties) = preSolution
		HideSolutionNode = FALSE
	EndGlobalSection
	GlobalSection(NestedProjects) = preSolution
		{0B39BDC8-1DE7-4425-A8F6-64DEF1BF4123} = {CA3D0E68-2EE2-4686-9E87-CE82FEE37DE9}
		{CDE1A502-F4DA-4CDB-94C6-560D3DA8D6A1} = {6A32634C-64D2-4E54-97AB-E894EA69D216}
		{2A1D0D2A-7EB4-40B8-ADFF-ADB63EA32E3B} = {6A32634C-64D2-4E54-97AB-E894EA69D216}
		{1A05C6E6-FCAB-4A32-BC62-A49751F5A8E5} = {6A32634C-64D2-4E54-97AB-E894EA69D216}
		{840A5A62-A667-4156-837B-17A29D419F24} = {87D745D7-1B83-4E69-926D-A36DF08ADFAB}
		{2BEE5B0F-5D74-41F0-97A5-7E98A93CBBEA} = {CA3D0E68-2EE2-4686-9E87-CE82FEE37DE9}
		{0769FC20-C608-43DA-93BF-121BCC5E37CC} = {87D745D7-1B83-4E69-926D-A36DF08ADFAB}
		{05E008B4-5D3E-41AE-8B73-E5FB2D3E2978} = {87D745D7-1B83-4E69-926D-A36DF08ADFAB}
		{ED69CEFB-0276-4246-A64E-F7D7D61C89CB} = {CA3D0E68-2EE2-4686-9E87-CE82FEE37DE9}
		{B9CD778E-4ECD-43A9-AD71-45689C798426} = {EE16FF4A-6DD4-4136-96F0-BE66FB788C63}
		{AE277062-D11A-4F5F-84B9-CB8C6D3E30DB} = {EE16FF4A-6DD4-4136-96F0-BE66FB788C63}
		{D527A002-3BED-4B47-8027-BFF5D8B2A3CD} = {EE16FF4A-6DD4-4136-96F0-BE66FB788C63}
	EndGlobalSection
	GlobalSection(ExtensibilityGlobals) = postSolution
		SolutionGuid = {AFCB91AF-EB6F-4F99-AF78-41E2A241B514}
	EndGlobalSection
EndGlobal
